
Microsoft Visual Studio Solution File, Format Version 12.00
# Visual Studio Version 17
VisualStudioVersion = 17.4.33110.190
MinimumVisualStudioVersion = 10.0.40219.1
Project("{FAE04EC0-301F-11D3-BF4B-00C04F79EFBC}") = "LibraryCop.BackendFunctions", "LibraryCop.BackendFunctions\LibraryCop.BackendFunctions.csproj", "{423D43DD-8E5D-4B9A-846F-9FCD41C3D568}"
EndProject
Global
	GlobalSection(SolutionConfigurationPlatforms) = preSolution
		Debug|Any CPU = Debug|Any CPU
		Release|Any CPU = Release|Any CPU
	EndGlobalSection
	GlobalSection(ProjectConfigurationPlatforms) = postSolution
		{423D43DD-8E5D-4B9A-846F-9FCD41C3D568}.Debug|Any CPU.ActiveCfg = Debug|Any CPU
		{423D43DD-8E5D-4B9A-846F-9FCD41C3D568}.Debug|Any CPU.Build.0 = Debug|Any CPU
		{423D43DD-8E5D-4B9A-846F-9FCD41C3D568}.Release|Any CPU.ActiveCfg = Release|Any CPU
		{423D43DD-8E5D-4B9A-846F-9FCD41C3D568}.Release|Any CPU.Build.0 = Release|Any CPU
	EndGlobalSection
	GlobalSection(SolutionProperties) = preSolution
		HideSolutionNode = FALSE
	EndGlobalSection
	GlobalSection(ExtensibilityGlobals) = postSolution
		SolutionGuid = {75E58F91-E0F3-42FC-A399-E9991A25FC24}
	EndGlobalSection
EndGlobal
